// !$*UTF8*$!
{
	archiveVersion = 1;
	classes = {
	};
	objectVersion = 56;
	objects = {

/* Begin PBXBuildFile section */
		2F6E599D2A55BD9100C7FBE1 /* PhotoGalleryApp.swift in Sources */ = {isa = PBXBuildFile; fileRef = 2F6E599C2A55BD9100C7FBE1 /* PhotoGalleryApp.swift */; };
		2F6E599F2A55BD9100C7FBE1 /* ContentView.swift in Sources */ = {isa = PBXBuildFile; fileRef = 2F6E599E2A55BD9100C7FBE1 /* ContentView.swift */; };
		2F6E59A12A55BD9200C7FBE1 /* Assets.xcassets in Resources */ = {isa = PBXBuildFile; fileRef = 2F6E59A02A55BD9200C7FBE1 /* Assets.xcassets */; };
		2F6E59A42A55BD9200C7FBE1 /* Preview Assets.xcassets in Resources */ = {isa = PBXBuildFile; fileRef = 2F6E59A32A55BD9200C7FBE1 /* Preview Assets.xcassets */; };
		2F6E59AB2A55BF0400C7FBE1 /* NewPhotoView.swift in Sources */ = {isa = PBXBuildFile; fileRef = 2F6E59AA2A55BF0400C7FBE1 /* NewPhotoView.swift */; };
		2F6E59AD2A55D2F400C7FBE1 /* ImagePicker.swift in Sources */ = {isa = PBXBuildFile; fileRef = 2F6E59AC2A55D2F400C7FBE1 /* ImagePicker.swift */; };
		2F6E59AF2A55EC2900C7FBE1 /* Photo.swift in Sources */ = {isa = PBXBuildFile; fileRef = 2F6E59AE2A55EC2900C7FBE1 /* Photo.swift */; };
		2F6E59B12A55EED300C7FBE1 /* FileManager-DocumentsDirectory.swift in Sources */ = {isa = PBXBuildFile; fileRef = 2F6E59B02A55EED300C7FBE1 /* FileManager-DocumentsDirectory.swift */; };
		2F6E59B32A55F09D00C7FBE1 /* PhotosContainer.swift in Sources */ = {isa = PBXBuildFile; fileRef = 2F6E59B22A55F09D00C7FBE1 /* PhotosContainer.swift */; };
		2F6E59B52A56273A00C7FBE1 /* PhotoDetailView.swift in Sources */ = {isa = PBXBuildFile; fileRef = 2F6E59B42A56273A00C7FBE1 /* PhotoDetailView.swift */; };
		2FCCA6D12A5701C000C3DDE7 /* LocationFetcher.swift in Sources */ = {isa = PBXBuildFile; fileRef = 2FCCA6D02A5701C000C3DDE7 /* LocationFetcher.swift */; };
/* End PBXBuildFile section */

/* Begin PBXFileReference section */
		2F6E59992A55BD9100C7FBE1 /* PhotoGallery.app */ = {isa = PBXFileReference; explicitFileType = wrapper.application; includeInIndex = 0; path = PhotoGallery.app; sourceTree = BUILT_PRODUCTS_DIR; };
		2F6E599C2A55BD9100C7FBE1 /* PhotoGalleryApp.swift */ = {isa = PBXFileReference; lastKnownFileType = sourcecode.swift; path = PhotoGalleryApp.swift; sourceTree = "<group>"; };
		2F6E599E2A55BD9100C7FBE1 /* ContentView.swift */ = {isa = PBXFileReference; lastKnownFileType = sourcecode.swift; path = ContentView.swift; sourceTree = "<group>"; };
		2F6E59A02A55BD9200C7FBE1 /* Assets.xcassets */ = {isa = PBXFileReference; lastKnownFileType = folder.assetcatalog; path = Assets.xcassets; sourceTree = "<group>"; };
		2F6E59A32A55BD9200C7FBE1 /* Preview Assets.xcassets */ = {isa = PBXFileReference; lastKnownFileType = folder.assetcatalog; path = "Preview Assets.xcassets"; sourceTree = "<group>"; };
		2F6E59AA2A55BF0400C7FBE1 /* NewPhotoView.swift */ = {isa = PBXFileReference; lastKnownFileType = sourcecode.swift; path = NewPhotoView.swift; sourceTree = "<group>"; };
		2F6E59AC2A55D2F400C7FBE1 /* ImagePicker.swift */ = {isa = PBXFileReference; lastKnownFileType = sourcecode.swift; path = ImagePicker.swift; sourceTree = "<group>"; };
		2F6E59AE2A55EC2900C7FBE1 /* Photo.swift */ = {isa = PBXFileReference; lastKnownFileType = sourcecode.swift; path = Photo.swift; sourceTree = "<group>"; };
		2F6E59B02A55EED300C7FBE1 /* FileManager-DocumentsDirectory.swift */ = {isa = PBXFileReference; lastKnownFileType = sourcecode.swift; path = "FileManager-DocumentsDirectory.swift"; sourceTree = "<group>"; };
		2F6E59B22A55F09D00C7FBE1 /* PhotosContainer.swift */ = {isa = PBXFileReference; lastKnownFileType = sourcecode.swift; path = PhotosContainer.swift; sourceTree = "<group>"; };
		2F6E59B42A56273A00C7FBE1 /* PhotoDetailView.swift */ = {isa = PBXFileReference; lastKnownFileType = sourcecode.swift; path = PhotoDetailView.swift; sourceTree = "<group>"; };
		2FCCA6D02A5701C000C3DDE7 /* LocationFetcher.swift */ = {isa = PBXFileReference; lastKnownFileType = sourcecode.swift; path = LocationFetcher.swift; sourceTree = "<group>"; };
/* End PBXFileReference section */

/* Begin PBXFrameworksBuildPhase section */
		2F6E59962A55BD9100C7FBE1 /* Frameworks */ = {
			isa = PBXFrameworksBuildPhase;
			buildActionMask = 2147483647;
			files = (
			);
			runOnlyForDeploymentPostprocessing = 0;
		};
/* End PBXFrameworksBuildPhase section */

/* Begin PBXGroup section */
		2F6E59902A55BD9100C7FBE1 = {
			isa = PBXGroup;
			children = (
				2F6E59B42A56273A00C7FBE1 /* PhotoDetailView.swift */,
				2F6E599B2A55BD9100C7FBE1 /* PhotoGallery */,
				2F6E599A2A55BD9100C7FBE1 /* Products */,
			);
			sourceTree = "<group>";
		};
		2F6E599A2A55BD9100C7FBE1 /* Products */ = {
			isa = PBXGroup;
			children = (
				2F6E59992A55BD9100C7FBE1 /* PhotoGallery.app */,
			);
			name = Products;
			sourceTree = "<group>";
		};
		2F6E599B2A55BD9100C7FBE1 /* PhotoGallery */ = {
			isa = PBXGroup;
			children = (
				2F6E599C2A55BD9100C7FBE1 /* PhotoGalleryApp.swift */,
				2F6E599E2A55BD9100C7FBE1 /* ContentView.swift */,
				2F6E59AA2A55BF0400C7FBE1 /* NewPhotoView.swift */,
				2FCCA6D02A5701C000C3DDE7 /* LocationFetcher.swift */,
				2F6E59AE2A55EC2900C7FBE1 /* Photo.swift */,
				2F6E59B22A55F09D00C7FBE1 /* PhotosContainer.swift */,
				2F6E59B02A55EED300C7FBE1 /* FileManager-DocumentsDirectory.swift */,
				2F6E59AC2A55D2F400C7FBE1 /* ImagePicker.swift */,
				2F6E59A02A55BD9200C7FBE1 /* Assets.xcassets */,
				2F6E59A22A55BD9200C7FBE1 /* Preview Content */,
			);
			path = PhotoGallery;
			sourceTree = "<group>";
		};
		2F6E59A22A55BD9200C7FBE1 /* Preview Content */ = {
			isa = PBXGroup;
			children = (
				2F6E59A32A55BD9200C7FBE1 /* Preview Assets.xcassets */,
			);
			path = "Preview Content";
			sourceTree = "<group>";
		};
/* End PBXGroup section */

/* Begin PBXNativeTarget section */
		2F6E59982A55BD9100C7FBE1 /* PhotoGallery */ = {
			isa = PBXNativeTarget;
			buildConfigurationList = 2F6E59A72A55BD9200C7FBE1 /* Build configuration list for PBXNativeTarget "PhotoGallery" */;
			buildPhases = (
				2F6E59952A55BD9100C7FBE1 /* Sources */,
				2F6E59962A55BD9100C7FBE1 /* Frameworks */,
				2F6E59972A55BD9100C7FBE1 /* Resources */,
			);
			buildRules = (
			);
			dependencies = (
			);
			name = PhotoGallery;
			productName = PhotoGallery;
			productReference = 2F6E59992A55BD9100C7FBE1 /* PhotoGallery.app */;
			productType = "com.apple.product-type.application";
		};
/* End PBXNativeTarget section */

/* Begin PBXProject section */
		2F6E59912A55BD9100C7FBE1 /* Project object */ = {
			isa = PBXProject;
			attributes = {
				BuildIndependentTargetsInParallel = 1;
				LastSwiftUpdateCheck = 1420;
				LastUpgradeCheck = 1420;
				TargetAttributes = {
					2F6E59982A55BD9100C7FBE1 = {
						CreatedOnToolsVersion = 14.2;
					};
				};
			};
			buildConfigurationList = 2F6E59942A55BD9100C7FBE1 /* Build configuration list for PBXProject "PhotoGallery" */;
			compatibilityVersion = "Xcode 14.0";
			developmentRegion = en;
			hasScannedForEncodings = 0;
			knownRegions = (
				en,
				Base,
			);
			mainGroup = 2F6E59902A55BD9100C7FBE1;
			productRefGroup = 2F6E599A2A55BD9100C7FBE1 /* Products */;
			projectDirPath = "";
			projectRoot = "";
			targets = (
				2F6E59982A55BD9100C7FBE1 /* PhotoGallery */,
			);
		};
/* End PBXProject section */

/* Begin PBXResourcesBuildPhase section */
		2F6E59972A55BD9100C7FBE1 /* Resources */ = {
			isa = PBXResourcesBuildPhase;
			buildActionMask = 2147483647;
			files = (
				2F6E59A42A55BD9200C7FBE1 /* Preview Assets.xcassets in Resources */,
				2F6E59A12A55BD9200C7FBE1 /* Assets.xcassets in Resources */,
			);
			runOnlyForDeploymentPostprocessing = 0;
		};
/* End PBXResourcesBuildPhase section */

/* Begin PBXSourcesBuildPhase section */
		2F6E59952A55BD9100C7FBE1 /* Sources */ = {
			isa = PBXSourcesBuildPhase;
			buildActionMask = 2147483647;
			files = (
				2F6E59B52A56273A00C7FBE1 /* PhotoDetailView.swift in Sources */,
				2F6E59B12A55EED300C7FBE1 /* FileManager-DocumentsDirectory.swift in Sources */,
				2F6E599F2A55BD9100C7FBE1 /* ContentView.swift in Sources */,
				2F6E59AD2A55D2F400C7FBE1 /* ImagePicker.swift in Sources */,
				2F6E59B32A55F09D00C7FBE1 /* PhotosContainer.swift in Sources */,
				2F6E59AB2A55BF0400C7FBE1 /* NewPhotoView.swift in Sources */,
				2F6E599D2A55BD9100C7FBE1 /* PhotoGalleryApp.swift in Sources */,
				2F6E59AF2A55EC2900C7FBE1 /* Photo.swift in Sources */,
				2FCCA6D12A5701C000C3DDE7 /* LocationFetcher.swift in Sources */,
			);
			runOnlyForDeploymentPostprocessing = 0;
		};
/* End PBXSourcesBuildPhase section */

/* Begin XCBuildConfiguration section */
		2F6E59A52A55BD9200C7FBE1 /* Debug */ = {
			isa = XCBuildConfiguration;
			buildSettings = {
				ALWAYS_SEARCH_USER_PATHS = NO;
				CLANG_ANALYZER_NONNULL = YES;
				CLANG_ANALYZER_NUMBER_OBJECT_CONVERSION = YES_AGGRESSIVE;
				CLANG_CXX_LANGUAGE_STANDARD = "gnu++20";
				CLANG_ENABLE_MODULES = YES;
				CLANG_ENABLE_OBJC_ARC = YES;
				CLANG_ENABLE_OBJC_WEAK = YES;
				CLANG_WARN_BLOCK_CAPTURE_AUTORELEASING = YES;
				CLANG_WARN_BOOL_CONVERSION = YES;
				CLANG_WARN_COMMA = YES;
				CLANG_WARN_CONSTANT_CONVERSION = YES;
				CLANG_WARN_DEPRECATED_OBJC_IMPLEMENTATIONS = YES;
				CLANG_WARN_DIRECT_OBJC_ISA_USAGE = YES_ERROR;
				CLANG_WARN_DOCUMENTATION_COMMENTS = YES;
				CLANG_WARN_EMPTY_BODY = YES;
				CLANG_WARN_ENUM_CONVERSION = YES;
				CLANG_WARN_INFINITE_RECURSION = YES;
				CLANG_WARN_INT_CONVERSION = YES;
				CLANG_WARN_NON_LITERAL_NULL_CONVERSION = YES;
				CLANG_WARN_OBJC_IMPLICIT_RETAIN_SELF = YES;
				CLANG_WARN_OBJC_LITERAL_CONVERSION = YES;
				CLANG_WARN_OBJC_ROOT_CLASS = YES_ERROR;
				CLANG_WARN_QUOTED_INCLUDE_IN_FRAMEWORK_HEADER = YES;
				CLANG_WARN_RANGE_LOOP_ANALYSIS = YES;
				CLANG_WARN_STRICT_PROTOTYPES = YES;
				CLANG_WARN_SUSPICIOUS_MOVE = YES;
				CLANG_WARN_UNGUARDED_AVAILABILITY = YES_AGGRESSIVE;
				CLANG_WARN_UNREACHABLE_CODE = YES;
				CLANG_WARN__DUPLICATE_METHOD_MATCH = YES;
				COPY_PHASE_STRIP = NO;
				DEBUG_INFORMATION_FORMAT = dwarf;
				ENABLE_STRICT_OBJC_MSGSEND = YES;
				ENABLE_TESTABILITY = YES;
				GCC_C_LANGUAGE_STANDARD = gnu11;
				GCC_DYNAMIC_NO_PIC = NO;
				GCC_NO_COMMON_BLOCKS = YES;
				GCC_OPTIMIZATION_LEVEL = 0;
				GCC_PREPROCESSOR_DEFINITIONS = (
					"DEBUG=1",
					"$(inherited)",
				);
				GCC_WARN_64_TO_32_BIT_CONVERSION = YES;
				GCC_WARN_ABOUT_RETURN_TYPE = YES_ERROR;
				GCC_WARN_UNDECLARED_SELECTOR = YES;
				GCC_WARN_UNINITIALIZED_AUTOS = YES_AGGRESSIVE;
				GCC_WARN_UNUSED_FUNCTION = YES;
				GCC_WARN_UNUSED_VARIABLE = YES;
				IPHONEOS_DEPLOYMENT_TARGET = 16.2;
				MTL_ENABLE_DEBUG_INFO = INCLUDE_SOURCE;
				MTL_FAST_MATH = YES;
				ONLY_ACTIVE_ARCH = YES;
				SDKROOT = iphoneos;
				SWIFT_ACTIVE_COMPILATION_CONDITIONS = DEBUG;
				SWIFT_OPTIMIZATION_LEVEL = "-Onone";
			};
			name = Debug;
		};
		2F6E59A62A55BD9200C7FBE1 /* Release */ = {
			isa = XCBuildConfiguration;
			buildSettings = {
				ALWAYS_SEARCH_USER_PATHS = NO;
				CLANG_ANALYZER_NONNULL = YES;
				CLANG_ANALYZER_NUMBER_OBJECT_CONVERSION = YES_AGGRESSIVE;
				CLANG_CXX_LANGUAGE_STANDARD = "gnu++20";
				CLANG_ENABLE_MODULES = YES;
				CLANG_ENABLE_OBJC_ARC = YES;
				CLANG_ENABLE_OBJC_WEAK = YES;
				CLANG_WARN_BLOCK_CAPTURE_AUTORELEASING = YES;
				CLANG_WARN_BOOL_CONVERSION = YES;
				CLANG_WARN_COMMA = YES;
				CLANG_WARN_CONSTANT_CONVERSION = YES;
				CLANG_WARN_DEPRECATED_OBJC_IMPLEMENTATIONS = YES;
				CLANG_WARN_DIRECT_OBJC_ISA_USAGE = YES_ERROR;
				CLANG_WARN_DOCUMENTATION_COMMENTS = YES;
				CLANG_WARN_EMPTY_BODY = YES;
				CLANG_WARN_ENUM_CONVERSION = YES;
				CLANG_WARN_INFINITE_RECURSION = YES;
				CLANG_WARN_INT_CONVERSION = YES;
				CLANG_WARN_NON_LITERAL_NULL_CONVERSION = YES;
				CLANG_WARN_OBJC_IMPLICIT_RETAIN_SELF = YES;
				CLANG_WARN_OBJC_LITERAL_CONVERSION = YES;
				CLANG_WARN_OBJC_ROOT_CLASS = YES_ERROR;
				CLANG_WARN_QUOTED_INCLUDE_IN_FRAMEWORK_HEADER = YES;
				CLANG_WARN_RANGE_LOOP_ANALYSIS = YES;
				CLANG_WARN_STRICT_PROTOTYPES = YES;
				CLANG_WARN_SUSPICIOUS_MOVE = YES;
				CLANG_WARN_UNGUARDED_AVAILABILITY = YES_AGGRESSIVE;
				CLANG_WARN_UNREACHABLE_CODE = YES;
				CLANG_WARN__DUPLICATE_METHOD_MATCH = YES;
				COPY_PHASE_STRIP = NO;
				DEBUG_INFORMATION_FORMAT = "dwarf-with-dsym";
				ENABLE_NS_ASSERTIONS = NO;
				ENABLE_STRICT_OBJC_MSGSEND = YES;
				GCC_C_LANGUAGE_STANDARD = gnu11;
				GCC_NO_COMMON_BLOCKS = YES;
				GCC_WARN_64_TO_32_BIT_CONVERSION = YES;
				GCC_WARN_ABOUT_RETURN_TYPE = YES_ERROR;
				GCC_WARN_UNDECLARED_SELECTOR = YES;
				GCC_WARN_UNINITIALIZED_AUTOS = YES_AGGRESSIVE;
				GCC_WARN_UNUSED_FUNCTION = YES;
				GCC_WARN_UNUSED_VARIABLE = YES;
				IPHONEOS_DEPLOYMENT_TARGET = 16.2;
				MTL_ENABLE_DEBUG_INFO = NO;
				MTL_FAST_MATH = YES;
				SDKROOT = iphoneos;
				SWIFT_COMPILATION_MODE = wholemodule;
				SWIFT_OPTIMIZATION_LEVEL = "-O";
				VALIDATE_PRODUCT = YES;
			};
			name = Release;
		};
		2F6E59A82A55BD9200C7FBE1 /* Debug */ = {
			isa = XCBuildConfiguration;
			buildSettings = {
				ASSETCATALOG_COMPILER_APPICON_NAME = AppIcon;
				ASSETCATALOG_COMPILER_GLOBAL_ACCENT_COLOR_NAME = AccentColor;
				CODE_SIGN_STYLE = Automatic;
				CURRENT_PROJECT_VERSION = 1;
				DEVELOPMENT_ASSET_PATHS = "\"PhotoGallery/Preview Content\"";
				DEVELOPMENT_TEAM = BDYB7B4BF2;
				ENABLE_PREVIEWS = YES;
				GENERATE_INFOPLIST_FILE = YES;
				INFOPLIST_KEY_NSLocationWhenInUseUsageDescription = "Your current location will saved with this photo";
				INFOPLIST_KEY_UIApplicationSceneManifest_Generation = YES;
				INFOPLIST_KEY_UIApplicationSupportsIndirectInputEvents = YES;
				INFOPLIST_KEY_UILaunchScreen_Generation = YES;
				INFOPLIST_KEY_UISupportedInterfaceOrientations_iPad = "UIInterfaceOrientationPortrait UIInterfaceOrientationPortraitUpsideDown UIInterfaceOrientationLandscapeLeft UIInterfaceOrientationLandscapeRight";
				INFOPLIST_KEY_UISupportedInterfaceOrientations_iPhone = "UIInterfaceOrientationPortrait UIInterfaceOrientationLandscapeLeft UIInterfaceOrientationLandscapeRight";
				LD_RUNPATH_SEARCH_PATHS = (
					"$(inherited)",
					"@executable_path/Frameworks",
				);
				MARKETING_VERSION = 1.0;
				PRODUCT_BUNDLE_IDENTIFIER = IOSDev.PhotoGallery;
				PRODUCT_NAME = "$(TARGET_NAME)";
				SWIFT_EMIT_LOC_STRINGS = YES;
				SWIFT_VERSION = 5.0;
				TARGETED_DEVICE_FAMILY = "1,2";
			};
			name = Debug;
		};
		2F6E59A92A55BD9200C7FBE1 /* Release */ = {
			isa = XCBuildConfiguration;
			buildSettings = {
				ASSETCATALOG_COMPILER_APPICON_NAME = AppIcon;
				ASSETCATALOG_COMPILER_GLOBAL_ACCENT_COLOR_NAME = AccentColor;
				CODE_SIGN_STYLE = Automatic;
				CURRENT_PROJECT_VERSION = 1;
				DEVELOPMENT_ASSET_PATHS = "\"PhotoGallery/Preview Content\"";
				DEVELOPMENT_TEAM = BDYB7B4BF2;
				ENABLE_PREVIEWS = YES;
				GENERATE_INFOPLIST_FILE = YES;
				INFOPLIST_KEY_NSLocationWhenInUseUsageDescription = "Your current location will saved with this photo";
				INFOPLIST_KEY_UIApplicationSceneManifest_Generation = YES;
				INFOPLIST_KEY_UIApplicationSupportsIndirectInputEvents = YES;
				INFOPLIST_KEY_UILaunchScreen_Generation = YES;
				INFOPLIST_KEY_UISupportedInterfaceOrientations_iPad = "UIInterfaceOrientationPortrait UIInterfaceOrientationPortraitUpsideDown UIInterfaceOrientationLandscapeLeft UIInterfaceOrientationLandscapeRight";
				INFOPLIST_KEY_UISupportedInterfaceOrientations_iPhone = "UIInterfaceOrientationPortrait UIInterfaceOrientationLandscapeLeft UIInterfaceOrientationLandscapeRight";
				LD_RUNPATH_SEARCH_PATHS = (
					"$(inherited)",
					"@executable_path/Frameworks",
				);
				MARKETING_VERSION = 1.0;
				PRODUCT_BUNDLE_IDENTIFIER = IOSDev.PhotoGallery;
				PRODUCT_NAME = "$(TARGET_NAME)";
				SWIFT_EMIT_LOC_STRINGS = YES;
				SWIFT_VERSION = 5.0;
				TARGETED_DEVICE_FAMILY = "1,2";
			};
			name = Release;
		};
/* End XCBuildConfiguration section */

/* Begin XCConfigurationList section */
		2F6E59942A55BD9100C7FBE1 /* Build configuration list for PBXProject "PhotoGallery" */ = {
			isa = XCConfigurationList;
			buildConfigurations = (
				2F6E59A52A55BD9200C7FBE1 /* Debug */,
				2F6E59A62A55BD9200C7FBE1 /* Release */,
			);
			defaultConfigurationIsVisible = 0;
			defaultConfigurationName = Release;
		};
		2F6E59A72A55BD9200C7FBE1 /* Build configuration list for PBXNativeTarget "PhotoGallery" */ = {
			isa = XCConfigurationList;
			buildConfigurations = (
				2F6E59A82A55BD9200C7FBE1 /* Debug */,
				2F6E59A92A55BD9200C7FBE1 /* Release */,
			);
			defaultConfigurationIsVisible = 0;
			defaultConfigurationName = Release;
		};
/* End XCConfigurationList section */
	};
	rootObject = 2F6E59912A55BD9100C7FBE1 /* Project object */;
}
